// !$*UTF8*$!
{
	archiveVersion = 1;
	classes = {
	};
	objectVersion = 50;
	objects = {

/* Begin PBXBuildFile section */
		8594B0B6260282A300F93FBD /* AppDelegate.swift in Sources */ = {isa = PBXBuildFile; fileRef = 8594B0B5260282A300F93FBD /* AppDelegate.swift */; };
		8594B0B8260282A300F93FBD /* SceneDelegate.swift in Sources */ = {isa = PBXBuildFile; fileRef = 8594B0B7260282A300F93FBD /* SceneDelegate.swift */; };
		8594B0BA260282A300F93FBD /* ViewController.swift in Sources */ = {isa = PBXBuildFile; fileRef = 8594B0B9260282A300F93FBD /* ViewController.swift */; };
		8594B0BD260282A300F93FBD /* Main.storyboard in Resources */ = {isa = PBXBuildFile; fileRef = 8594B0BB260282A300F93FBD /* Main.storyboard */; };
		8594B0BF260282A500F93FBD /* Assets.xcassets in Resources */ = {isa = PBXBuildFile; fileRef = 8594B0BE260282A500F93FBD /* Assets.xcassets */; };
		8594B0C2260282A500F93FBD /* LaunchScreen.storyboard in Resources */ = {isa = PBXBuildFile; fileRef = 8594B0C0260282A500F93FBD /* LaunchScreen.storyboard */; };
		8594B0CD260282A600F93FBD /* TDDTests.swift in Sources */ = {isa = PBXBuildFile; fileRef = 8594B0CC260282A600F93FBD /* TDDTests.swift */; };
		8594B0D8260282A600F93FBD /* TDDUITests.swift in Sources */ = {isa = PBXBuildFile; fileRef = 8594B0D7260282A600F93FBD /* TDDUITests.swift */; };
/* End PBXBuildFile section */

/* Begin PBXContainerItemProxy section */
		8594B0C9260282A600F93FBD /* PBXContainerItemProxy */ = {
			isa = PBXContainerItemProxy;
			containerPortal = 8594B0AA260282A300F93FBD /* Project object */;
			proxyType = 1;
			remoteGlobalIDString = 8594B0B1260282A300F93FBD;
			remoteInfo = TDD;
		};
		8594B0D4260282A600F93FBD /* PBXContainerItemProxy */ = {
			isa = PBXContainerItemProxy;
			containerPortal = 8594B0AA260282A300F93FBD /* Project object */;
			proxyType = 1;
			remoteGlobalIDString = 8594B0B1260282A300F93FBD;
			remoteInfo = TDD;
		};
/* End PBXContainerItemProxy section */

/* Begin PBXFileReference section */
		8594B0B2260282A300F93FBD /* TDD.app */ = {isa = PBXFileReference; explicitFileType = wrapper.application; includeInIndex = 0; path = TDD.app; sourceTree = BUILT_PRODUCTS_DIR; };
		8594B0B5260282A300F93FBD /* AppDelegate.swift */ = {isa = PBXFileReference; lastKnownFileType = sourcecode.swift; path = AppDelegate.swift; sourceTree = "<group>"; };
		8594B0B7260282A300F93FBD /* SceneDelegate.swift */ = {isa = PBXFileReference; lastKnownFileType = sourcecode.swift; path = SceneDelegate.swift; sourceTree = "<group>"; };
		8594B0B9260282A300F93FBD /* ViewController.swift */ = {isa = PBXFileReference; lastKnownFileType = sourcecode.swift; path = ViewController.swift; sourceTree = "<group>"; };
		8594B0BC260282A300F93FBD /* Base */ = {isa = PBXFileReference; lastKnownFileType = file.storyboard; name = Base; path = Base.lproj/Main.storyboard; sourceTree = "<group>"; };
		8594B0BE260282A500F93FBD /* Assets.xcassets */ = {isa = PBXFileReference; lastKnownFileType = folder.assetcatalog; path = Assets.xcassets; sourceTree = "<group>"; };
		8594B0C1260282A500F93FBD /* Base */ = {isa = PBXFileReference; lastKnownFileType = file.storyboard; name = Base; path = Base.lproj/LaunchScreen.storyboard; sourceTree = "<group>"; };
		8594B0C3260282A500F93FBD /* Info.plist */ = {isa = PBXFileReference; lastKnownFileType = text.plist.xml; path = Info.plist; sourceTree = "<group>"; };
		8594B0C8260282A600F93FBD /* TDDTests.xctest */ = {isa = PBXFileReference; explicitFileType = wrapper.cfbundle; includeInIndex = 0; path = TDDTests.xctest; sourceTree = BUILT_PRODUCTS_DIR; };
		8594B0CC260282A600F93FBD /* TDDTests.swift */ = {isa = PBXFileReference; lastKnownFileType = sourcecode.swift; path = TDDTests.swift; sourceTree = "<group>"; };
		8594B0CE260282A600F93FBD /* Info.plist */ = {isa = PBXFileReference; lastKnownFileType = text.plist.xml; path = Info.plist; sourceTree = "<group>"; };
		8594B0D3260282A600F93FBD /* TDDUITests.xctest */ = {isa = PBXFileReference; explicitFileType = wrapper.cfbundle; includeInIndex = 0; path = TDDUITests.xctest; sourceTree = BUILT_PRODUCTS_DIR; };
		8594B0D7260282A600F93FBD /* TDDUITests.swift */ = {isa = PBXFileReference; lastKnownFileType = sourcecode.swift; path = TDDUITests.swift; sourceTree = "<group>"; };
		8594B0D9260282A600F93FBD /* Info.plist */ = {isa = PBXFileReference; lastKnownFileType = text.plist.xml; path = Info.plist; sourceTree = "<group>"; };
/* End PBXFileReference section */

/* Begin PBXFrameworksBuildPhase section */
		8594B0AF260282A300F93FBD /* Frameworks */ = {
			isa = PBXFrameworksBuildPhase;
			buildActionMask = 2147483647;
			files = (
			);
			runOnlyForDeploymentPostprocessing = 0;
		};
		8594B0C5260282A600F93FBD /* Frameworks */ = {
			isa = PBXFrameworksBuildPhase;
			buildActionMask = 2147483647;
			files = (
			);
			runOnlyForDeploymentPostprocessing = 0;
		};
		8594B0D0260282A600F93FBD /* Frameworks */ = {
			isa = PBXFrameworksBuildPhase;
			buildActionMask = 2147483647;
			files = (
			);
			runOnlyForDeploymentPostprocessing = 0;
		};
/* End PBXFrameworksBuildPhase section */

/* Begin PBXGroup section */
		8594B0A9260282A300F93FBD = {
			isa = PBXGroup;
			children = (
				8594B0B4260282A300F93FBD /* TDD */,
				8594B0CB260282A600F93FBD /* TDDTests */,
				8594B0D6260282A600F93FBD /* TDDUITests */,
				8594B0B3260282A300F93FBD /* Products */,
			);
			sourceTree = "<group>";
		};
		8594B0B3260282A300F93FBD /* Products */ = {
			isa = PBXGroup;
			children = (
				8594B0B2260282A300F93FBD /* TDD.app */,
				8594B0C8260282A600F93FBD /* TDDTests.xctest */,
				8594B0D3260282A600F93FBD /* TDDUITests.xctest */,
			);
			name = Products;
			sourceTree = "<group>";
		};
		8594B0B4260282A300F93FBD /* TDD */ = {
			isa = PBXGroup;
			children = (
				8594B0B5260282A300F93FBD /* AppDelegate.swift */,
				8594B0B7260282A300F93FBD /* SceneDelegate.swift */,
				8594B0B9260282A300F93FBD /* ViewController.swift */,
				8594B0BB260282A300F93FBD /* Main.storyboard */,
				8594B0BE260282A500F93FBD /* Assets.xcassets */,
				8594B0C0260282A500F93FBD /* LaunchScreen.storyboard */,
				8594B0C3260282A500F93FBD /* Info.plist */,
			);
			path = TDD;
			sourceTree = "<group>";
		};
		8594B0CB260282A600F93FBD /* TDDTests */ = {
			isa = PBXGroup;
			children = (
				8594B0CC260282A600F93FBD /* TDDTests.swift */,
				8594B0CE260282A600F93FBD /* Info.plist */,
			);
			path = TDDTests;
			sourceTree = "<group>";
		};
		8594B0D6260282A600F93FBD /* TDDUITests */ = {
			isa = PBXGroup;
			children = (
				8594B0D7260282A600F93FBD /* TDDUITests.swift */,
				8594B0D9260282A600F93FBD /* Info.plist */,
			);
			path = TDDUITests;
			sourceTree = "<group>";
		};
/* End PBXGroup section */

/* Begin PBXNativeTarget section */
		8594B0B1260282A300F93FBD /* TDD */ = {
			isa = PBXNativeTarget;
			buildConfigurationList = 8594B0DC260282A600F93FBD /* Build configuration list for PBXNativeTarget "TDD" */;
			buildPhases = (
				8594B0AE260282A300F93FBD /* Sources */,
				8594B0AF260282A300F93FBD /* Frameworks */,
				8594B0B0260282A300F93FBD /* Resources */,
			);
			buildRules = (
			);
			dependencies = (
			);
			name = TDD;
			productName = TDD;
			productReference = 8594B0B2260282A300F93FBD /* TDD.app */;
			productType = "com.apple.product-type.application";
		};
		8594B0C7260282A600F93FBD /* TDDTests */ = {
			isa = PBXNativeTarget;
			buildConfigurationList = 8594B0DF260282A600F93FBD /* Build configuration list for PBXNativeTarget "TDDTests" */;
			buildPhases = (
				8594B0C4260282A600F93FBD /* Sources */,
				8594B0C5260282A600F93FBD /* Frameworks */,
				8594B0C6260282A600F93FBD /* Resources */,
			);
			buildRules = (
			);
			dependencies = (
				8594B0CA260282A600F93FBD /* PBXTargetDependency */,
			);
			name = TDDTests;
			productName = TDDTests;
			productReference = 8594B0C8260282A600F93FBD /* TDDTests.xctest */;
			productType = "com.apple.product-type.bundle.unit-test";
		};
		8594B0D2260282A600F93FBD /* TDDUITests */ = {
			isa = PBXNativeTarget;
			buildConfigurationList = 8594B0E2260282A600F93FBD /* Build configuration list for PBXNativeTarget "TDDUITests" */;
			buildPhases = (
				8594B0CF260282A600F93FBD /* Sources */,
				8594B0D0260282A600F93FBD /* Frameworks */,
				8594B0D1260282A600F93FBD /* Resources */,
			);
			buildRules = (
			);
			dependencies = (
				8594B0D5260282A600F93FBD /* PBXTargetDependency */,
			);
			name = TDDUITests;
			productName = TDDUITests;
			productReference = 8594B0D3260282A600F93FBD /* TDDUITests.xctest */;
			productType = "com.apple.product-type.bundle.ui-testing";
		};
/* End PBXNativeTarget section */

/* Begin PBXProject section */
		8594B0AA260282A300F93FBD /* Project object */ = {
			isa = PBXProject;
			attributes = {
				LastSwiftUpdateCheck = 1240;
				LastUpgradeCheck = 1240;
				TargetAttributes = {
					8594B0B1260282A300F93FBD = {
						CreatedOnToolsVersion = 12.4;
					};
					8594B0C7260282A600F93FBD = {
						CreatedOnToolsVersion = 12.4;
						TestTargetID = 8594B0B1260282A300F93FBD;
					};
					8594B0D2260282A600F93FBD = {
						CreatedOnToolsVersion = 12.4;
						TestTargetID = 8594B0B1260282A300F93FBD;
					};
				};
			};
			buildConfigurationList = 8594B0AD260282A300F93FBD /* Build configuration list for PBXProject "TDD" */;
			compatibilityVersion = "Xcode 9.3";
			developmentRegion = en;
			hasScannedForEncodings = 0;
			knownRegions = (
				en,
				Base,
			);
			mainGroup = 8594B0A9260282A300F93FBD;
			productRefGroup = 8594B0B3260282A300F93FBD /* Products */;
			projectDirPath = "";
			projectRoot = "";
			targets = (
				8594B0B1260282A300F93FBD /* TDD */,
				8594B0C7260282A600F93FBD /* TDDTests */,
				8594B0D2260282A600F93FBD /* TDDUITests */,
			);
		};
/* End PBXProject section */

/* Begin PBXResourcesBuildPhase section */
		8594B0B0260282A300F93FBD /* Resources */ = {
			isa = PBXResourcesBuildPhase;
			buildActionMask = 2147483647;
			files = (
				8594B0C2260282A500F93FBD /* LaunchScreen.storyboard in Resources */,
				8594B0BF260282A500F93FBD /* Assets.xcassets in Resources */,
				8594B0BD260282A300F93FBD /* Main.storyboard in Resources */,
			);
			runOnlyForDeploymentPostprocessing = 0;
		};
		8594B0C6260282A600F93FBD /* Resources */ = {
			isa = PBXResourcesBuildPhase;
			buildActionMask = 2147483647;
			files = (
			);
			runOnlyForDeploymentPostprocessing = 0;
		};
		8594B0D1260282A600F93FBD /* Resources */ = {
			isa = PBXResourcesBuildPhase;
			buildActionMask = 2147483647;
			files = (
			);
			runOnlyForDeploymentPostprocessing = 0;
		};
/* End PBXResourcesBuildPhase section */

/* Begin PBXSourcesBuildPhase section */
		8594B0AE260282A300F93FBD /* Sources */ = {
			isa = PBXSourcesBuildPhase;
			buildActionMask = 2147483647;
			files = (
				8594B0BA260282A300F93FBD /* ViewController.swift in Sources */,
				8594B0B6260282A300F93FBD /* AppDelegate.swift in Sources */,
				8594B0B8260282A300F93FBD /* SceneDelegate.swift in Sources */,
			);
			runOnlyForDeploymentPostprocessing = 0;
		};
		8594B0C4260282A600F93FBD /* Sources */ = {
			isa = PBXSourcesBuildPhase;
			buildActionMask = 2147483647;
			files = (
				8594B0CD260282A600F93FBD /* TDDTests.swift in Sources */,
			);
			runOnlyForDeploymentPostprocessing = 0;
		};
		8594B0CF260282A600F93FBD /* Sources */ = {
			isa = PBXSourcesBuildPhase;
			buildActionMask = 2147483647;
			files = (
				8594B0D8260282A600F93FBD /* TDDUITests.swift in Sources */,
			);
			runOnlyForDeploymentPostprocessing = 0;
		};
/* End PBXSourcesBuildPhase section */

/* Begin PBXTargetDependency section */
		8594B0CA260282A600F93FBD /* PBXTargetDependency */ = {
			isa = PBXTargetDependency;
			target = 8594B0B1260282A300F93FBD /* TDD */;
			targetProxy = 8594B0C9260282A600F93FBD /* PBXContainerItemProxy */;
		};
		8594B0D5260282A600F93FBD /* PBXTargetDependency */ = {
			isa = PBXTargetDependency;
			target = 8594B0B1260282A300F93FBD /* TDD */;
			targetProxy = 8594B0D4260282A600F93FBD /* PBXContainerItemProxy */;
		};
/* End PBXTargetDependency section */

/* Begin PBXVariantGroup section */
		8594B0BB260282A300F93FBD /* Main.storyboard */ = {
			isa = PBXVariantGroup;
			children = (
				8594B0BC260282A300F93FBD /* Base */,
			);
			name = Main.storyboard;
			sourceTree = "<group>";
		};
		8594B0C0260282A500F93FBD /* LaunchScreen.storyboard */ = {
			isa = PBXVariantGroup;
			children = (
				8594B0C1260282A500F93FBD /* Base */,
			);
			name = LaunchScreen.storyboard;
			sourceTree = "<group>";
		};
/* End PBXVariantGroup section */

/* Begin XCBuildConfiguration section */
		8594B0DA260282A600F93FBD /* Debug */ = {
			isa = XCBuildConfiguration;
			buildSettings = {
				ALWAYS_SEARCH_USER_PATHS = NO;
				CLANG_ANALYZER_NONNULL = YES;
				CLANG_ANALYZER_NUMBER_OBJECT_CONVERSION = YES_AGGRESSIVE;
				CLANG_CXX_LANGUAGE_STANDARD = "gnu++14";
				CLANG_CXX_LIBRARY = "libc++";
				CLANG_ENABLE_MODULES = YES;
				CLANG_ENABLE_OBJC_ARC = YES;
				CLANG_ENABLE_OBJC_WEAK = YES;
				CLANG_WARN_BLOCK_CAPTURE_AUTORELEASING = YES;
				CLANG_WARN_BOOL_CONVERSION = YES;
				CLANG_WARN_COMMA = YES;
				CLANG_WARN_CONSTANT_CONVERSION = YES;
				CLANG_WARN_DEPRECATED_OBJC_IMPLEMENTATIONS = YES;
				CLANG_WARN_DIRECT_OBJC_ISA_USAGE = YES_ERROR;
				CLANG_WARN_DOCUMENTATION_COMMENTS = YES;
				CLANG_WARN_EMPTY_BODY = YES;
				CLANG_WARN_ENUM_CONVERSION = YES;
				CLANG_WARN_INFINITE_RECURSION = YES;
				CLANG_WARN_INT_CONVERSION = YES;
				CLANG_WARN_NON_LITERAL_NULL_CONVERSION = YES;
				CLANG_WARN_OBJC_IMPLICIT_RETAIN_SELF = YES;
				CLANG_WARN_OBJC_LITERAL_CONVERSION = YES;
				CLANG_WARN_OBJC_ROOT_CLASS = YES_ERROR;
				CLANG_WARN_QUOTED_INCLUDE_IN_FRAMEWORK_HEADER = YES;
				CLANG_WARN_RANGE_LOOP_ANALYSIS = YES;
				CLANG_WARN_STRICT_PROTOTYPES = YES;
				CLANG_WARN_SUSPICIOUS_MOVE = YES;
				CLANG_WARN_UNGUARDED_AVAILABILITY = YES_AGGRESSIVE;
				CLANG_WARN_UNREACHABLE_CODE = YES;
				CLANG_WARN__DUPLICATE_METHOD_MATCH = YES;
				COPY_PHASE_STRIP = NO;
				DEBUG_INFORMATION_FORMAT = dwarf;
				ENABLE_STRICT_OBJC_MSGSEND = YES;
				ENABLE_TESTABILITY = YES;
				GCC_C_LANGUAGE_STANDARD = gnu11;
				GCC_DYNAMIC_NO_PIC = NO;
				GCC_NO_COMMON_BLOCKS = YES;
				GCC_OPTIMIZATION_LEVEL = 0;
				GCC_PREPROCESSOR_DEFINITIONS = (
					"DEBUG=1",
					"$(inherited)",
				);
				GCC_WARN_64_TO_32_BIT_CONVERSION = YES;
				GCC_WARN_ABOUT_RETURN_TYPE = YES_ERROR;
				GCC_WARN_UNDECLARED_SELECTOR = YES;
				GCC_WARN_UNINITIALIZED_AUTOS = YES_AGGRESSIVE;
				GCC_WARN_UNUSED_FUNCTION = YES;
				GCC_WARN_UNUSED_VARIABLE = YES;
				IPHONEOS_DEPLOYMENT_TARGET = 14.4;
				MTL_ENABLE_DEBUG_INFO = INCLUDE_SOURCE;
				MTL_FAST_MATH = YES;
				ONLY_ACTIVE_ARCH = YES;
				SDKROOT = iphoneos;
				SWIFT_ACTIVE_COMPILATION_CONDITIONS = DEBUG;
				SWIFT_OPTIMIZATION_LEVEL = "-Onone";
			};
			name = Debug;
		};
		8594B0DB260282A600F93FBD /* Release */ = {
			isa = XCBuildConfiguration;
			buildSettings = {
				ALWAYS_SEARCH_USER_PATHS = NO;
				CLANG_ANALYZER_NONNULL = YES;
				CLANG_ANALYZER_NUMBER_OBJECT_CONVERSION = YES_AGGRESSIVE;
				CLANG_CXX_LANGUAGE_STANDARD = "gnu++14";
				CLANG_CXX_LIBRARY = "libc++";
				CLANG_ENABLE_MODULES = YES;
				CLANG_ENABLE_OBJC_ARC = YES;
				CLANG_ENABLE_OBJC_WEAK = YES;
				CLANG_WARN_BLOCK_CAPTURE_AUTORELEASING = YES;
				CLANG_WARN_BOOL_CONVERSION = YES;
				CLANG_WARN_COMMA = YES;
				CLANG_WARN_CONSTANT_CONVERSION = YES;
				CLANG_WARN_DEPRECATED_OBJC_IMPLEMENTATIONS = YES;
				CLANG_WARN_DIRECT_OBJC_ISA_USAGE = YES_ERROR;
				CLANG_WARN_DOCUMENTATION_COMMENTS = YES;
				CLANG_WARN_EMPTY_BODY = YES;
				CLANG_WARN_ENUM_CONVERSION = YES;
				CLANG_WARN_INFINITE_RECURSION = YES;
				CLANG_WARN_INT_CONVERSION = YES;
				CLANG_WARN_NON_LITERAL_NULL_CONVERSION = YES;
				CLANG_WARN_OBJC_IMPLICIT_RETAIN_SELF = YES;
				CLANG_WARN_OBJC_LITERAL_CONVERSION = YES;
				CLANG_WARN_OBJC_ROOT_CLASS = YES_ERROR;
				CLANG_WARN_QUOTED_INCLUDE_IN_FRAMEWORK_HEADER = YES;
				CLANG_WARN_RANGE_LOOP_ANALYSIS = YES;
				CLANG_WARN_STRICT_PROTOTYPES = YES;
				CLANG_WARN_SUSPICIOUS_MOVE = YES;
				CLANG_WARN_UNGUARDED_AVAILABILITY = YES_AGGRESSIVE;
				CLANG_WARN_UNREACHABLE_CODE = YES;
				CLANG_WARN__DUPLICATE_METHOD_MATCH = YES;
				COPY_PHASE_STRIP = NO;
				DEBUG_INFORMATION_FORMAT = "dwarf-with-dsym";
				ENABLE_NS_ASSERTIONS = NO;
				ENABLE_STRICT_OBJC_MSGSEND = YES;
				GCC_C_LANGUAGE_STANDARD = gnu11;
				GCC_NO_COMMON_BLOCKS = YES;
				GCC_WARN_64_TO_32_BIT_CONVERSION = YES;
				GCC_WARN_ABOUT_RETURN_TYPE = YES_ERROR;
				GCC_WARN_UNDECLARED_SELECTOR = YES;
				GCC_WARN_UNINITIALIZED_AUTOS = YES_AGGRESSIVE;
				GCC_WARN_UNUSED_FUNCTION = YES;
				GCC_WARN_UNUSED_VARIABLE = YES;
				IPHONEOS_DEPLOYMENT_TARGET = 14.4;
				MTL_ENABLE_DEBUG_INFO = NO;
				MTL_FAST_MATH = YES;
				SDKROOT = iphoneos;
				SWIFT_COMPILATION_MODE = wholemodule;
				SWIFT_OPTIMIZATION_LEVEL = "-O";
				VALIDATE_PRODUCT = YES;
			};
			name = Release;
		};
		8594B0DD260282A600F93FBD /* Debug */ = {
			isa = XCBuildConfiguration;
			buildSettings = {
				ASSETCATALOG_COMPILER_APPICON_NAME = AppIcon;
				ASSETCATALOG_COMPILER_GLOBAL_ACCENT_COLOR_NAME = AccentColor;
				CODE_SIGN_STYLE = Automatic;
				DEVELOPMENT_TEAM = R93AWAT28J;
				INFOPLIST_FILE = TDD/Info.plist;
				LD_RUNPATH_SEARCH_PATHS = (
					"$(inherited)",
					"@executable_path/Frameworks",
				);
				PRODUCT_BUNDLE_IDENTIFIER = com.digitbrains.TDD;
				PRODUCT_NAME = "$(TARGET_NAME)";
				SWIFT_VERSION = 5.0;
				TARGETED_DEVICE_FAMILY = "1,2";
			};
			name = Debug;
		};
		8594B0DE260282A600F93FBD /* Release */ = {
			isa = XCBuildConfiguration;
			buildSettings = {
				ASSETCATALOG_COMPILER_APPICON_NAME = AppIcon;
				ASSETCATALOG_COMPILER_GLOBAL_ACCENT_COLOR_NAME = AccentColor;
				CODE_SIGN_STYLE = Automatic;
				DEVELOPMENT_TEAM = R93AWAT28J;
				INFOPLIST_FILE = TDD/Info.plist;
				LD_RUNPATH_SEARCH_PATHS = (
					"$(inherited)",
					"@executable_path/Frameworks",
				);
				PRODUCT_BUNDLE_IDENTIFIER = com.digitbrains.TDD;
				PRODUCT_NAME = "$(TARGET_NAME)";
				SWIFT_VERSION = 5.0;
				TARGETED_DEVICE_FAMILY = "1,2";
			};
			name = Release;
		};
		8594B0E0260282A600F93FBD /* Debug */ = {
			isa = XCBuildConfiguration;
			buildSettings = {
				ALWAYS_EMBED_SWIFT_STANDARD_LIBRARIES = YES;
				BUNDLE_LOADER = "$(TEST_HOST)";
				CODE_SIGN_STYLE = Automatic;
				DEVELOPMENT_TEAM = R93AWAT28J;
				INFOPLIST_FILE = TDDTests/Info.plist;
				IPHONEOS_DEPLOYMENT_TARGET = 14.4;
				LD_RUNPATH_SEARCH_PATHS = (
					"$(inherited)",
					"@executable_path/Frameworks",
					"@loader_path/Frameworks",
				);
				PRODUCT_BUNDLE_IDENTIFIER = com.digitbrains.TDDTests;
				PRODUCT_NAME = "$(TARGET_NAME)";
				SWIFT_VERSION = 5.0;
				TARGETED_DEVICE_FAMILY = "1,2";
				TEST_HOST = "$(BUILT_PRODUCTS_DIR)/TDD.app/TDD";
			};
			name = Debug;
		};
		8594B0E1260282A600F93FBD /* Release */ = {
			isa = XCBuildConfiguration;
			buildSettings = {
				ALWAYS_EMBED_SWIFT_STANDARD_LIBRARIES = YES;
				BUNDLE_LOADER = "$(TEST_HOST)";
				CODE_SIGN_STYLE = Automatic;
				DEVELOPMENT_TEAM = R93AWAT28J;
				INFOPLIST_FILE = TDDTests/Info.plist;
				IPHONEOS_DEPLOYMENT_TARGET = 14.4;
				LD_RUNPATH_SEARCH_PATHS = (
					"$(inherited)",
					"@executable_path/Frameworks",
					"@loader_path/Frameworks",
				);
				PRODUCT_BUNDLE_IDENTIFIER = com.digitbrains.TDDTests;
				PRODUCT_NAME = "$(TARGET_NAME)";
				SWIFT_VERSION = 5.0;
				TARGETED_DEVICE_FAMILY = "1,2";
				TEST_HOST = "$(BUILT_PRODUCTS_DIR)/TDD.app/TDD";
			};
			name = Release;
		};
		8594B0E3260282A600F93FBD /* Debug */ = {
			isa = XCBuildConfiguration;
			buildSettings = {
				ALWAYS_EMBED_SWIFT_STANDARD_LIBRARIES = YES;
				CODE_SIGN_STYLE = Automatic;
				DEVELOPMENT_TEAM = R93AWAT28J;
				INFOPLIST_FILE = TDDUITests/Info.plist;
				LD_RUNPATH_SEARCH_PATHS = (
					"$(inherited)",
					"@executable_path/Frameworks",
					"@loader_path/Frameworks",
				);
				PRODUCT_BUNDLE_IDENTIFIER = com.digitbrains.TDDUITests;
				PRODUCT_NAME = "$(TARGET_NAME)";
				SWIFT_VERSION = 5.0;
				TARGETED_DEVICE_FAMILY = "1,2";
				TEST_TARGET_NAME = TDD;
			};
			name = Debug;
		};
		8594B0E4260282A600F93FBD /* Release */ = {
			isa = XCBuildConfiguration;
			buildSettings = {
				ALWAYS_EMBED_SWIFT_STANDARD_LIBRARIES = YES;
				CODE_SIGN_STYLE = Automatic;
				DEVELOPMENT_TEAM = R93AWAT28J;
				INFOPLIST_FILE = TDDUITests/Info.plist;
				LD_RUNPATH_SEARCH_PATHS = (
					"$(inherited)",
					"@executable_path/Frameworks",
					"@loader_path/Frameworks",
				);
				PRODUCT_BUNDLE_IDENTIFIER = com.digitbrains.TDDUITests;
				PRODUCT_NAME = "$(TARGET_NAME)";
				SWIFT_VERSION = 5.0;
				TARGETED_DEVICE_FAMILY = "1,2";
				TEST_TARGET_NAME = TDD;
			};
			name = Release;
		};
/* End XCBuildConfiguration section */

/* Begin XCConfigurationList section */
		8594B0AD260282A300F93FBD /* Build configuration list for PBXProject "TDD" */ = {
			isa = XCConfigurationList;
			buildConfigurations = (
				8594B0DA260282A600F93FBD /* Debug */,
				8594B0DB260282A600F93FBD /* Release */,
			);
			defaultConfigurationIsVisible = 0;
			defaultConfigurationName = Release;
		};
		8594B0DC260282A600F93FBD /* Build configuration list for PBXNativeTarget "TDD" */ = {
			isa = XCConfigurationList;
			buildConfigurations = (
				8594B0DD260282A600F93FBD /* Debug */,
				8594B0DE260282A600F93FBD /* Release */,
			);
			defaultConfigurationIsVisible = 0;
			defaultConfigurationName = Release;
		};
		8594B0DF260282A600F93FBD /* Build configuration list for PBXNativeTarget "TDDTests" */ = {
			isa = XCConfigurationList;
			buildConfigurations = (
				8594B0E0260282A600F93FBD /* Debug */,
				8594B0E1260282A600F93FBD /* Release */,
			);
			defaultConfigurationIsVisible = 0;
			defaultConfigurationName = Release;
		};
		8594B0E2260282A600F93FBD /* Build configuration list for PBXNativeTarget "TDDUITests" */ = {
			isa = XCConfigurationList;
			buildConfigurations = (
				8594B0E3260282A600F93FBD /* Debug */,
				8594B0E4260282A600F93FBD /* Release */,
			);
			defaultConfigurationIsVisible = 0;
			defaultConfigurationName = Release;
		};
/* End XCConfigurationList section */
	};
	rootObject = 8594B0AA260282A300F93FBD /* Project object */;
}
